<Solution>
  <Project Path="Algowars.Domain/Algowars.Domain.csproj" />
  <Project Path="Algowars.Application/Algowars.Application.csproj" />
  <Project Path="Algowars.Infrastructure/Algowars.Infrastructure.csproj" />
  <Project Path="Algowars.Api/Algowars.Api.csproj" />
  <Project Path="Algowars.ServiceDefaults/Algowars.ServiceDefaults.csproj" />
  <Project Path="Algowars.AppHost/Algowars.AppHost.csproj" />
  <Project Path="Algowars.UnitTests/Algowars.UnitTests.csproj" />
</Solution>
